PODS:
  - Alamofire (2.0.2)
  - CryptoSwift (0.2.3)
  - SDWebImage (3.7.5):
    - SDWebImage/Core (= 3.7.5)
  - SDWebImage/Core (3.7.5)

DEPENDENCIES:
  - Alamofire (= 2.0.2)
  - CryptoSwift
  - SDWebImage (~> 3.7)

SPEC CHECKSUMS:
  Alamofire: 8edbab00802a752bb5240cc2abe70e7e881488ad
  CryptoSwift: b2bf37b8e7cc6d682ef3365cb966bc5ae5174aa5
  SDWebImage: 69c6303e3348fba97e03f65d65d4fbc26740f461

COCOAPODS: 0.39.0
